
Microsoft Visual Studio Solution File, Format Version 12.00
# Visual Studio Version 16
VisualStudioVersion = 16.0.30804.86
MinimumVisualStudioVersion = 10.0.40219.1
Project("{FAE04EC0-301F-11D3-BF4B-00C04F79EFBC}") = "Day21", "Day21.csproj", "{DFD92588-343D-43B5-8D51-A0E97BD2AB06}"
EndProject
Global
	GlobalSection(SolutionConfigurationPlatforms) = preSolution
		Debug|Any CPU = Debug|Any CPU
		Release|Any CPU = Release|Any CPU
	EndGlobalSection
	GlobalSection(ProjectConfigurationPlatforms) = postSolution
		{DFD92588-343D-43B5-8D51-A0E97BD2AB06}.Debug|Any CPU.ActiveCfg = Debug|Any CPU
		{DFD92588-343D-43B5-8D51-A0E97BD2AB06}.Debug|Any CPU.Build.0 = Debug|Any CPU
		{DFD92588-343D-43B5-8D51-A0E97BD2AB06}.Release|Any CPU.ActiveCfg = Release|Any CPU
		{DFD92588-343D-43B5-8D51-A0E97BD2AB06}.Release|Any CPU.Build.0 = Release|Any CPU
	EndGlobalSection
	GlobalSection(SolutionProperties) = preSolution
		HideSolutionNode = FALSE
	EndGlobalSection
	GlobalSection(ExtensibilityGlobals) = postSolution
		SolutionGuid = {8DDAAC6D-84B7-4CAB-9931-8B07DA5029EF}
	EndGlobalSection
EndGlobal
