
Microsoft Visual Studio Solution File, Format Version 12.00
# Visual Studio Version 16
VisualStudioVersion = 16.0.30804.86
MinimumVisualStudioVersion = 10.0.40219.1
Project("{FAE04EC0-301F-11D3-BF4B-00C04F79EFBC}") = "Day23_Redux", "Day23_Redux.csproj", "{2D641DF0-EF11-43FE-B873-AF451044A0E6}"
EndProject
Global
	GlobalSection(SolutionConfigurationPlatforms) = preSolution
		Debug|Any CPU = Debug|Any CPU
		Release|Any CPU = Release|Any CPU
	EndGlobalSection
	GlobalSection(ProjectConfigurationPlatforms) = postSolution
		{2D641DF0-EF11-43FE-B873-AF451044A0E6}.Debug|Any CPU.ActiveCfg = Debug|Any CPU
		{2D641DF0-EF11-43FE-B873-AF451044A0E6}.Debug|Any CPU.Build.0 = Debug|Any CPU
		{2D641DF0-EF11-43FE-B873-AF451044A0E6}.Release|Any CPU.ActiveCfg = Release|Any CPU
		{2D641DF0-EF11-43FE-B873-AF451044A0E6}.Release|Any CPU.Build.0 = Release|Any CPU
	EndGlobalSection
	GlobalSection(SolutionProperties) = preSolution
		HideSolutionNode = FALSE
	EndGlobalSection
	GlobalSection(ExtensibilityGlobals) = postSolution
		SolutionGuid = {BAC1CB6D-18F7-49F2-8EEC-6C27608E21A4}
	EndGlobalSection
EndGlobal
