
Microsoft Visual Studio Solution File, Format Version 12.00
# Visual Studio Version 16
VisualStudioVersion = 16.0.30516.212
MinimumVisualStudioVersion = 10.0.40219.1
Project("{FAE04EC0-301F-11D3-BF4B-00C04F79EFBC}") = "Day7", "Day7.csproj", "{7D145467-A444-4614-AB56-0C47C4E79992}"
EndProject
Global
	GlobalSection(SolutionConfigurationPlatforms) = preSolution
		Debug|Any CPU = Debug|Any CPU
		Release|Any CPU = Release|Any CPU
	EndGlobalSection
	GlobalSection(ProjectConfigurationPlatforms) = postSolution
		{7D145467-A444-4614-AB56-0C47C4E79992}.Debug|Any CPU.ActiveCfg = Debug|Any CPU
		{7D145467-A444-4614-AB56-0C47C4E79992}.Debug|Any CPU.Build.0 = Debug|Any CPU
		{7D145467-A444-4614-AB56-0C47C4E79992}.Release|Any CPU.ActiveCfg = Release|Any CPU
		{7D145467-A444-4614-AB56-0C47C4E79992}.Release|Any CPU.Build.0 = Release|Any CPU
	EndGlobalSection
	GlobalSection(SolutionProperties) = preSolution
		HideSolutionNode = FALSE
	EndGlobalSection
	GlobalSection(ExtensibilityGlobals) = postSolution
		SolutionGuid = {85483569-978D-41D6-ACD3-259E99E4D674}
	EndGlobalSection
EndGlobal
