
Microsoft Visual Studio Solution File, Format Version 12.00
# Visual Studio Version 16
VisualStudioVersion = 16.0.30516.212
MinimumVisualStudioVersion = 10.0.40219.1
Project("{FAE04EC0-301F-11D3-BF4B-00C04F79EFBC}") = "Day5", "Day5.csproj", "{0F33C87D-24F5-4648-A587-95F81A61E0AC}"
EndProject
Global
	GlobalSection(SolutionConfigurationPlatforms) = preSolution
		Debug|Any CPU = Debug|Any CPU
		Release|Any CPU = Release|Any CPU
	EndGlobalSection
	GlobalSection(ProjectConfigurationPlatforms) = postSolution
		{0F33C87D-24F5-4648-A587-95F81A61E0AC}.Debug|Any CPU.ActiveCfg = Debug|Any CPU
		{0F33C87D-24F5-4648-A587-95F81A61E0AC}.Debug|Any CPU.Build.0 = Debug|Any CPU
		{0F33C87D-24F5-4648-A587-95F81A61E0AC}.Release|Any CPU.ActiveCfg = Release|Any CPU
		{0F33C87D-24F5-4648-A587-95F81A61E0AC}.Release|Any CPU.Build.0 = Release|Any CPU
	EndGlobalSection
	GlobalSection(SolutionProperties) = preSolution
		HideSolutionNode = FALSE
	EndGlobalSection
	GlobalSection(ExtensibilityGlobals) = postSolution
		SolutionGuid = {A85358B7-C225-4002-87B6-B2FC15129A74}
	EndGlobalSection
EndGlobal
