
Microsoft Visual Studio Solution File, Format Version 12.00
# Visual Studio Version 16
VisualStudioVersion = 16.0.30516.212
MinimumVisualStudioVersion = 10.0.40219.1
Project("{FAE04EC0-301F-11D3-BF4B-00C04F79EFBC}") = "Day15", "Day15.csproj", "{339F0A89-6DF9-449A-886D-F2814DC09B1E}"
EndProject
Global
	GlobalSection(SolutionConfigurationPlatforms) = preSolution
		Debug|Any CPU = Debug|Any CPU
		Release|Any CPU = Release|Any CPU
	EndGlobalSection
	GlobalSection(ProjectConfigurationPlatforms) = postSolution
		{339F0A89-6DF9-449A-886D-F2814DC09B1E}.Debug|Any CPU.ActiveCfg = Debug|Any CPU
		{339F0A89-6DF9-449A-886D-F2814DC09B1E}.Debug|Any CPU.Build.0 = Debug|Any CPU
		{339F0A89-6DF9-449A-886D-F2814DC09B1E}.Release|Any CPU.ActiveCfg = Release|Any CPU
		{339F0A89-6DF9-449A-886D-F2814DC09B1E}.Release|Any CPU.Build.0 = Release|Any CPU
	EndGlobalSection
	GlobalSection(SolutionProperties) = preSolution
		HideSolutionNode = FALSE
	EndGlobalSection
	GlobalSection(ExtensibilityGlobals) = postSolution
		SolutionGuid = {08B47A7E-E6A2-4779-8D00-CFCEECED7197}
	EndGlobalSection
EndGlobal
