
Microsoft Visual Studio Solution File, Format Version 12.00
# Visual Studio Version 16
VisualStudioVersion = 16.0.30516.212
MinimumVisualStudioVersion = 10.0.40219.1
Project("{FAE04EC0-301F-11D3-BF4B-00C04F79EFBC}") = "Day2", "Day2.csproj", "{114C561B-EDD3-4AD6-9E08-3F5A0BD7F816}"
EndProject
Global
	GlobalSection(SolutionConfigurationPlatforms) = preSolution
		Debug|Any CPU = Debug|Any CPU
		Release|Any CPU = Release|Any CPU
	EndGlobalSection
	GlobalSection(ProjectConfigurationPlatforms) = postSolution
		{114C561B-EDD3-4AD6-9E08-3F5A0BD7F816}.Debug|Any CPU.ActiveCfg = Debug|Any CPU
		{114C561B-EDD3-4AD6-9E08-3F5A0BD7F816}.Debug|Any CPU.Build.0 = Debug|Any CPU
		{114C561B-EDD3-4AD6-9E08-3F5A0BD7F816}.Release|Any CPU.ActiveCfg = Release|Any CPU
		{114C561B-EDD3-4AD6-9E08-3F5A0BD7F816}.Release|Any CPU.Build.0 = Release|Any CPU
	EndGlobalSection
	GlobalSection(SolutionProperties) = preSolution
		HideSolutionNode = FALSE
	EndGlobalSection
	GlobalSection(ExtensibilityGlobals) = postSolution
		SolutionGuid = {7909A9BC-55FD-442F-8984-21B191EB7145}
	EndGlobalSection
EndGlobal
